{
  "name": "SMPlayer",
  "lockfileVersion": 2,
  "requires": true,
  "packages": {
    "": {
      "dependencies": {
        "babylonjs": "^5.31.0",
        "three": "^0.146.0"
      }
    },
    "node_modules/babylonjs": {
      "version": "5.31.0",
      "resolved": "https://registry.npmjs.org/babylonjs/-/babylonjs-5.31.0.tgz",
      "integrity": "sha512-uaxb58qo/UaoVH97I52UJUmpar0icZRNS45Pdc3SrxZfYcy8KeZkxvoO77c6PV9B9bblJFJdyl8gjEgoVZuQaw==",
      "hasInstallScript": true
    },
    "node_modules/three": {
      "version": "0.146.0",
      "resolved": "https://registry.npmjs.org/three/-/three-0.146.0.tgz",
      "integrity": "sha512-1lvNfLezN6OJ9NaFAhfX4sm5e9YCzHtaRgZ1+B4C+Hv6TibRMsuBAM5/wVKzxjpYIlMymvgsHEFrrigEfXnb2A=="
    }
  },
  "dependencies": {
    "babylonjs": {
      "version": "5.31.0",
      "resolved": "https://registry.npmjs.org/babylonjs/-/babylonjs-5.31.0.tgz",
      "integrity": "sha512-uaxb58qo/UaoVH97I52UJUmpar0icZRNS45Pdc3SrxZfYcy8KeZkxvoO77c6PV9B9bblJFJdyl8gjEgoVZuQaw=="
    },
    "three": {
      "version": "0.146.0",
      "resolved": "https://registry.npmjs.org/three/-/three-0.146.0.tgz",
      "integrity": "sha512-1lvNfLezN6OJ9NaFAhfX4sm5e9YCzHtaRgZ1+B4C+Hv6TibRMsuBAM5/wVKzxjpYIlMymvgsHEFrrigEfXnb2A=="
    }
  }
}
